
Microsoft Visual Studio Solution File, Format Version 12.00
# Visual Studio Version 16
VisualStudioVersion = 16.0.32802.440
MinimumVisualStudioVersion = 10.0.40219.1
Project("{9A19103F-16F7-4668-BE54-9A1E7A4F7556}") = "Palindrome Challenge", "Code Test\Palindrome Challenge.csproj", "{8F91042D-9A2A-4E78-B6CD-A95064190C81}"
EndProject
Project("{FAE04EC0-301F-11D3-BF4B-00C04F79EFBC}") = "API Usage Challenge", "API Usage Challenge\API Usage Challenge.csproj", "{B6357784-8EAE-4144-90DE-0BAF231F4EF5}"
EndProject
Global
	GlobalSection(SolutionConfigurationPlatforms) = preSolution
		Debug|Any CPU = Debug|Any CPU
		Release|Any CPU = Release|Any CPU
	EndGlobalSection
	GlobalSection(ProjectConfigurationPlatforms) = postSolution
		{8F91042D-9A2A-4E78-B6CD-A95064190C81}.Debug|Any CPU.ActiveCfg = Debug|Any CPU
		{8F91042D-9A2A-4E78-B6CD-A95064190C81}.Debug|Any CPU.Build.0 = Debug|Any CPU
		{8F91042D-9A2A-4E78-B6CD-A95064190C81}.Release|Any CPU.ActiveCfg = Release|Any CPU
		{8F91042D-9A2A-4E78-B6CD-A95064190C81}.Release|Any CPU.Build.0 = Release|Any CPU
		{B6357784-8EAE-4144-90DE-0BAF231F4EF5}.Debug|Any CPU.ActiveCfg = Debug|Any CPU
		{B6357784-8EAE-4144-90DE-0BAF231F4EF5}.Debug|Any CPU.Build.0 = Debug|Any CPU
		{B6357784-8EAE-4144-90DE-0BAF231F4EF5}.Release|Any CPU.ActiveCfg = Release|Any CPU
		{B6357784-8EAE-4144-90DE-0BAF231F4EF5}.Release|Any CPU.Build.0 = Release|Any CPU
	EndGlobalSection
	GlobalSection(SolutionProperties) = preSolution
		HideSolutionNode = FALSE
	EndGlobalSection
	GlobalSection(ExtensibilityGlobals) = postSolution
		SolutionGuid = {E518E0FC-1933-4C81-BBFB-0B0E229BF2FA}
	EndGlobalSection
EndGlobal
